
Microsoft Visual Studio Solution File, Format Version 12.00
# Visual Studio Version 17
VisualStudioVersion = 17.9.34622.214
MinimumVisualStudioVersion = 10.0.40219.1
Project("{9A19103F-16F7-4668-BE54-9A1E7A4F7556}") = "BharghavasPieShop", "BharghavasPieShop\BharghavasPieShop.csproj", "{A3578BB8-3970-4454-9B9B-34D88D30FB33}"
EndProject
Project("{FAE04EC0-301F-11D3-BF4B-00C04F79EFBC}") = "BharghavasPieShopTests", "BharghavasPieShopTests\BharghavasPieShopTests.csproj", "{6D42F65D-3580-4B88-9436-484D5A81D057}"
EndProject
Global
	GlobalSection(SolutionConfigurationPlatforms) = preSolution
		Debug|Any CPU = Debug|Any CPU
		Release|Any CPU = Release|Any CPU
	EndGlobalSection
	GlobalSection(ProjectConfigurationPlatforms) = postSolution
		{A3578BB8-3970-4454-9B9B-34D88D30FB33}.Debug|Any CPU.ActiveCfg = Debug|Any CPU
		{A3578BB8-3970-4454-9B9B-34D88D30FB33}.Debug|Any CPU.Build.0 = Debug|Any CPU
		{A3578BB8-3970-4454-9B9B-34D88D30FB33}.Release|Any CPU.ActiveCfg = Release|Any CPU
		{A3578BB8-3970-4454-9B9B-34D88D30FB33}.Release|Any CPU.Build.0 = Release|Any CPU
		{6D42F65D-3580-4B88-9436-484D5A81D057}.Debug|Any CPU.ActiveCfg = Debug|Any CPU
		{6D42F65D-3580-4B88-9436-484D5A81D057}.Debug|Any CPU.Build.0 = Debug|Any CPU
		{6D42F65D-3580-4B88-9436-484D5A81D057}.Release|Any CPU.ActiveCfg = Release|Any CPU
		{6D42F65D-3580-4B88-9436-484D5A81D057}.Release|Any CPU.Build.0 = Release|Any CPU
	EndGlobalSection
	GlobalSection(SolutionProperties) = preSolution
		HideSolutionNode = FALSE
	EndGlobalSection
	GlobalSection(ExtensibilityGlobals) = postSolution
		SolutionGuid = {BC2C044C-9E8B-4AA8-987A-090571D907C9}
	EndGlobalSection
EndGlobal
